
Microsoft Visual Studio Solution File, Format Version 12.00
# Visual Studio Version 16
VisualStudioVersion = 16.0.30611.23
MinimumVisualStudioVersion = 10.0.40219.1
Project("{FAE04EC0-301F-11D3-BF4B-00C04F79EFBC}") = "PaymentGateway.API", "PaymentGateway.API\PaymentGateway.API.csproj", "{84065B20-1C7D-47C1-8313-DFF7A2F26BC3}"
EndProject
Project("{FAE04EC0-301F-11D3-BF4B-00C04F79EFBC}") = "BankSimulator", "BankSimulator\BankSimulator.csproj", "{B277AB50-08F6-4164-8863-F102E0811927}"
EndProject
Project("{FAE04EC0-301F-11D3-BF4B-00C04F79EFBC}") = "PaymentGateway.API.Tests", "PaymentGateway.API.Tests\PaymentGateway.API.Tests.csproj", "{D2240901-D466-4D61-B8B1-68C52EA927AA}"
EndProject
Global
	GlobalSection(SolutionConfigurationPlatforms) = preSolution
		Debug|Any CPU = Debug|Any CPU
		Release|Any CPU = Release|Any CPU
	EndGlobalSection
	GlobalSection(ProjectConfigurationPlatforms) = postSolution
		{84065B20-1C7D-47C1-8313-DFF7A2F26BC3}.Debug|Any CPU.ActiveCfg = Debug|Any CPU
		{84065B20-1C7D-47C1-8313-DFF7A2F26BC3}.Debug|Any CPU.Build.0 = Debug|Any CPU
		{84065B20-1C7D-47C1-8313-DFF7A2F26BC3}.Release|Any CPU.ActiveCfg = Release|Any CPU
		{84065B20-1C7D-47C1-8313-DFF7A2F26BC3}.Release|Any CPU.Build.0 = Release|Any CPU
		{B277AB50-08F6-4164-8863-F102E0811927}.Debug|Any CPU.ActiveCfg = Debug|Any CPU
		{B277AB50-08F6-4164-8863-F102E0811927}.Debug|Any CPU.Build.0 = Debug|Any CPU
		{B277AB50-08F6-4164-8863-F102E0811927}.Release|Any CPU.ActiveCfg = Release|Any CPU
		{B277AB50-08F6-4164-8863-F102E0811927}.Release|Any CPU.Build.0 = Release|Any CPU
		{D2240901-D466-4D61-B8B1-68C52EA927AA}.Debug|Any CPU.ActiveCfg = Debug|Any CPU
		{D2240901-D466-4D61-B8B1-68C52EA927AA}.Debug|Any CPU.Build.0 = Debug|Any CPU
		{D2240901-D466-4D61-B8B1-68C52EA927AA}.Release|Any CPU.ActiveCfg = Release|Any CPU
		{D2240901-D466-4D61-B8B1-68C52EA927AA}.Release|Any CPU.Build.0 = Release|Any CPU
	EndGlobalSection
	GlobalSection(SolutionProperties) = preSolution
		HideSolutionNode = FALSE
	EndGlobalSection
	GlobalSection(ExtensibilityGlobals) = postSolution
		SolutionGuid = {41FB0A11-4EB4-4196-82E0-CCC382D76104}
	EndGlobalSection
EndGlobal
