
Microsoft Visual Studio Solution File, Format Version 12.00
# Visual Studio Version 16
VisualStudioVersion = 16.0.30611.23
MinimumVisualStudioVersion = 10.0.40219.1
Project("{9A19103F-16F7-4668-BE54-9A1E7A4F7556}") = "PaymentGateway.API", "src\PaymentGateway.API\PaymentGateway.API.csproj", "{84065B20-1C7D-47C1-8313-DFF7A2F26BC3}"
EndProject
Project("{9A19103F-16F7-4668-BE54-9A1E7A4F7556}") = "BankSimulator", "src\BankSimulator\BankSimulator.csproj", "{B277AB50-08F6-4164-8863-F102E0811927}"
EndProject
Project("{2150E333-8FDC-42A3-9474-1A3956D46DE8}") = "src", "src", "{6ED356A7-8B47-4613-AD01-C85CF28491BD}"
EndProject
Project("{2150E333-8FDC-42A3-9474-1A3956D46DE8}") = "tests", "tests", "{664D406C-2F83-48F0-BFC3-408D5CB53C65}"
EndProject
Project("{9A19103F-16F7-4668-BE54-9A1E7A4F7556}") = "PaymentGateway.Domain", "src\PaymentGateway.Domain\PaymentGateway.Domain.csproj", "{B0A54C2B-07AC-42EF-8A18-E8DB35103B6C}"
EndProject
Project("{9A19103F-16F7-4668-BE54-9A1E7A4F7556}") = "PaymentGateway.Application", "src\PaymentGateway.Application\PaymentGateway.Application.csproj", "{671F2341-7996-4434-AF5E-9F9CE68020DA}"
EndProject
Project("{9A19103F-16F7-4668-BE54-9A1E7A4F7556}") = "PaymentGateway.Infrastructure", "src\PaymentGateway.Infrastructure\PaymentGateway.Infrastructure.csproj", "{A8BF244E-437B-4C36-A135-1AFD1C20B800}"
EndProject
Project("{9A19103F-16F7-4668-BE54-9A1E7A4F7556}") = "PaymentGateway.IntegrationTests", "tests\PaymentGateway.IntegrationTests\PaymentGateway.IntegrationTests.csproj", "{62BCD573-B8F6-4742-92D4-198DAD58A042}"
EndProject
Project("{9A19103F-16F7-4668-BE54-9A1E7A4F7556}") = "PaymentGateway.UnitTests", "tests\PaymentGateway.UnitTests\PaymentGateway.UnitTests.csproj", "{983235E8-D36A-4C2B-AD52-A27E842B2775}"
EndProject
Project("{9A19103F-16F7-4668-BE54-9A1E7A4F7556}") = "PaymentGateway.FunctionalTests", "tests\PaymentGateway.FunctionalTests\PaymentGateway.FunctionalTests.csproj", "{DED28ABE-7B0E-4A1A-A229-50EDF27B98BC}"
EndProject
Global
	GlobalSection(SolutionConfigurationPlatforms) = preSolution
		Debug|Any CPU = Debug|Any CPU
		Release|Any CPU = Release|Any CPU
	EndGlobalSection
	GlobalSection(ProjectConfigurationPlatforms) = postSolution
		{84065B20-1C7D-47C1-8313-DFF7A2F26BC3}.Debug|Any CPU.ActiveCfg = Debug|Any CPU
		{84065B20-1C7D-47C1-8313-DFF7A2F26BC3}.Debug|Any CPU.Build.0 = Debug|Any CPU
		{84065B20-1C7D-47C1-8313-DFF7A2F26BC3}.Release|Any CPU.ActiveCfg = Release|Any CPU
		{84065B20-1C7D-47C1-8313-DFF7A2F26BC3}.Release|Any CPU.Build.0 = Release|Any CPU
		{B277AB50-08F6-4164-8863-F102E0811927}.Debug|Any CPU.ActiveCfg = Debug|Any CPU
		{B277AB50-08F6-4164-8863-F102E0811927}.Debug|Any CPU.Build.0 = Debug|Any CPU
		{B277AB50-08F6-4164-8863-F102E0811927}.Release|Any CPU.ActiveCfg = Release|Any CPU
		{B277AB50-08F6-4164-8863-F102E0811927}.Release|Any CPU.Build.0 = Release|Any CPU
		{B0A54C2B-07AC-42EF-8A18-E8DB35103B6C}.Debug|Any CPU.ActiveCfg = Debug|Any CPU
		{B0A54C2B-07AC-42EF-8A18-E8DB35103B6C}.Debug|Any CPU.Build.0 = Debug|Any CPU
		{B0A54C2B-07AC-42EF-8A18-E8DB35103B6C}.Release|Any CPU.ActiveCfg = Release|Any CPU
		{B0A54C2B-07AC-42EF-8A18-E8DB35103B6C}.Release|Any CPU.Build.0 = Release|Any CPU
		{671F2341-7996-4434-AF5E-9F9CE68020DA}.Debug|Any CPU.ActiveCfg = Debug|Any CPU
		{671F2341-7996-4434-AF5E-9F9CE68020DA}.Debug|Any CPU.Build.0 = Debug|Any CPU
		{671F2341-7996-4434-AF5E-9F9CE68020DA}.Release|Any CPU.ActiveCfg = Release|Any CPU
		{671F2341-7996-4434-AF5E-9F9CE68020DA}.Release|Any CPU.Build.0 = Release|Any CPU
		{A8BF244E-437B-4C36-A135-1AFD1C20B800}.Debug|Any CPU.ActiveCfg = Debug|Any CPU
		{A8BF244E-437B-4C36-A135-1AFD1C20B800}.Debug|Any CPU.Build.0 = Debug|Any CPU
		{A8BF244E-437B-4C36-A135-1AFD1C20B800}.Release|Any CPU.ActiveCfg = Release|Any CPU
		{A8BF244E-437B-4C36-A135-1AFD1C20B800}.Release|Any CPU.Build.0 = Release|Any CPU
		{62BCD573-B8F6-4742-92D4-198DAD58A042}.Debug|Any CPU.ActiveCfg = Debug|Any CPU
		{62BCD573-B8F6-4742-92D4-198DAD58A042}.Debug|Any CPU.Build.0 = Debug|Any CPU
		{62BCD573-B8F6-4742-92D4-198DAD58A042}.Release|Any CPU.ActiveCfg = Release|Any CPU
		{62BCD573-B8F6-4742-92D4-198DAD58A042}.Release|Any CPU.Build.0 = Release|Any CPU
		{983235E8-D36A-4C2B-AD52-A27E842B2775}.Debug|Any CPU.ActiveCfg = Debug|Any CPU
		{983235E8-D36A-4C2B-AD52-A27E842B2775}.Debug|Any CPU.Build.0 = Debug|Any CPU
		{983235E8-D36A-4C2B-AD52-A27E842B2775}.Release|Any CPU.ActiveCfg = Release|Any CPU
		{983235E8-D36A-4C2B-AD52-A27E842B2775}.Release|Any CPU.Build.0 = Release|Any CPU
		{DED28ABE-7B0E-4A1A-A229-50EDF27B98BC}.Debug|Any CPU.ActiveCfg = Debug|Any CPU
		{DED28ABE-7B0E-4A1A-A229-50EDF27B98BC}.Debug|Any CPU.Build.0 = Debug|Any CPU
		{DED28ABE-7B0E-4A1A-A229-50EDF27B98BC}.Release|Any CPU.ActiveCfg = Release|Any CPU
		{DED28ABE-7B0E-4A1A-A229-50EDF27B98BC}.Release|Any CPU.Build.0 = Release|Any CPU
	EndGlobalSection
	GlobalSection(SolutionProperties) = preSolution
		HideSolutionNode = FALSE
	EndGlobalSection
	GlobalSection(NestedProjects) = preSolution
		{84065B20-1C7D-47C1-8313-DFF7A2F26BC3} = {6ED356A7-8B47-4613-AD01-C85CF28491BD}
		{B277AB50-08F6-4164-8863-F102E0811927} = {6ED356A7-8B47-4613-AD01-C85CF28491BD}
		{B0A54C2B-07AC-42EF-8A18-E8DB35103B6C} = {6ED356A7-8B47-4613-AD01-C85CF28491BD}
		{671F2341-7996-4434-AF5E-9F9CE68020DA} = {6ED356A7-8B47-4613-AD01-C85CF28491BD}
		{A8BF244E-437B-4C36-A135-1AFD1C20B800} = {6ED356A7-8B47-4613-AD01-C85CF28491BD}
		{62BCD573-B8F6-4742-92D4-198DAD58A042} = {664D406C-2F83-48F0-BFC3-408D5CB53C65}
		{983235E8-D36A-4C2B-AD52-A27E842B2775} = {664D406C-2F83-48F0-BFC3-408D5CB53C65}
		{DED28ABE-7B0E-4A1A-A229-50EDF27B98BC} = {664D406C-2F83-48F0-BFC3-408D5CB53C65}
	EndGlobalSection
	GlobalSection(ExtensibilityGlobals) = postSolution
		SolutionGuid = {41FB0A11-4EB4-4196-82E0-CCC382D76104}
	EndGlobalSection
EndGlobal
